
Microsoft Visual Studio Solution File, Format Version 12.00
# Visual Studio Version 16
VisualStudioVersion = 16.0.30907.101
MinimumVisualStudioVersion = 10.0.40219.1
Project("{9A19103F-16F7-4668-BE54-9A1E7A4F7556}") = "AlgLib", "AlgLib\AlgLib.csproj", "{92D6F5BC-C711-4578-9D7F-E13ED98995CD}"
EndProject
Project("{FAE04EC0-301F-11D3-BF4B-00C04F79EFBC}") = "LeetCode", "LeetCode\LeetCode.csproj", "{CDD49E70-ED42-4264-ABE7-0EB6479B4720}"
	ProjectSection(ProjectDependencies) = postProject
		{92D6F5BC-C711-4578-9D7F-E13ED98995CD} = {92D6F5BC-C711-4578-9D7F-E13ED98995CD}
	EndProjectSection
EndProject
Project("{2150E333-8FDC-42A3-9474-1A3956D46DE8}") = "ProblemSet", "ProblemSet", "{C1D55339-9B7A-4550-9A8F-EFF4AC747998}"
EndProject
Project("{FAE04EC0-301F-11D3-BF4B-00C04F79EFBC}") = "0020_ValidParentheses", "ProblemSet\0020_ValidParentheses\0020_ValidParentheses.csproj", "{9A233FB9-2AC7-4CAF-8563-E7312E842477}"
EndProject
Project("{FAE04EC0-301F-11D3-BF4B-00C04F79EFBC}") = "0101_SymmetricTree_Iterative", "ProblemSet\0101_SymmetricTree_Iterative\0101_SymmetricTree_Iterative.csproj", "{867A83D3-941A-452F-80F7-05546DCA0450}"
	ProjectSection(ProjectDependencies) = postProject
		{92D6F5BC-C711-4578-9D7F-E13ED98995CD} = {92D6F5BC-C711-4578-9D7F-E13ED98995CD}
	EndProjectSection
EndProject
Project("{FAE04EC0-301F-11D3-BF4B-00C04F79EFBC}") = "0101_SymmetricTree_Recursive", "ProblemSet\0101_SymmetricTree_Recursive\0101_SymmetricTree_Recursive.csproj", "{B3DED91A-8AFB-492E-98F7-4D46D4618549}"
	ProjectSection(ProjectDependencies) = postProject
		{92D6F5BC-C711-4578-9D7F-E13ED98995CD} = {92D6F5BC-C711-4578-9D7F-E13ED98995CD}
	EndProjectSection
EndProject
Project("{FAE04EC0-301F-11D3-BF4B-00C04F79EFBC}") = "0102_LevelOrderTraverseTree", "ProblemSet\0102_LevelOrderTraverseTree\0102_LevelOrderTraverseTree.csproj", "{F6F99651-07E6-463D-A538-3738AE28B8F1}"
EndProject
Project("{FAE04EC0-301F-11D3-BF4B-00C04F79EFBC}") = "0144_BinTreePreorderTraversal", "ProblemSet\0144_BinTreePreorderTraversal\0144_BinTreePreorderTraversal.csproj", "{D77F6386-FCD2-4B77-A6E1-0AF1C8B1638C}"
EndProject
Project("{FAE04EC0-301F-11D3-BF4B-00C04F79EFBC}") = "0103_BinTreeZigzagLevelOrderTraversal", "ProblemSet\0103_BinTreeZigzagLevelOrderTraversal\0103_BinTreeZigzagLevelOrderTraversal.csproj", "{6932CB94-8DEB-4B99-8BE8-25AFC17EEA8C}"
EndProject
Project("{2150E333-8FDC-42A3-9474-1A3956D46DE8}") = "CLRS", "CLRS", "{E3119851-87B5-44AC-A3CC-7AE74F3FA70B}"
EndProject
Project("{2150E333-8FDC-42A3-9474-1A3956D46DE8}") = "LeetCode", "LeetCode", "{FFFC3042-8047-4107-9C28-C251B98D9230}"
EndProject
Project("{2150E333-8FDC-42A3-9474-1A3956D46DE8}") = "Tests", "Tests", "{50A30AC9-AB37-4984-9A7F-9E99D603E115}"
EndProject
Project("{FAE04EC0-301F-11D3-BF4B-00C04F79EFBC}") = "_0020_ValidParenthese_Test", "LeetCode\Tests\_0020_ValidParenthese_Test\_0020_ValidParenthese_Test.csproj", "{2EDFBF3F-FFBD-413E-BC03-0B475BC812B9}"
EndProject
Global
	GlobalSection(SolutionConfigurationPlatforms) = preSolution
		Debug|Any CPU = Debug|Any CPU
		Release|Any CPU = Release|Any CPU
	EndGlobalSection
	GlobalSection(ProjectConfigurationPlatforms) = postSolution
		{92D6F5BC-C711-4578-9D7F-E13ED98995CD}.Debug|Any CPU.ActiveCfg = Debug|Any CPU
		{92D6F5BC-C711-4578-9D7F-E13ED98995CD}.Debug|Any CPU.Build.0 = Debug|Any CPU
		{92D6F5BC-C711-4578-9D7F-E13ED98995CD}.Release|Any CPU.ActiveCfg = Release|Any CPU
		{92D6F5BC-C711-4578-9D7F-E13ED98995CD}.Release|Any CPU.Build.0 = Release|Any CPU
		{CDD49E70-ED42-4264-ABE7-0EB6479B4720}.Debug|Any CPU.ActiveCfg = Debug|Any CPU
		{CDD49E70-ED42-4264-ABE7-0EB6479B4720}.Debug|Any CPU.Build.0 = Debug|Any CPU
		{CDD49E70-ED42-4264-ABE7-0EB6479B4720}.Release|Any CPU.ActiveCfg = Release|Any CPU
		{CDD49E70-ED42-4264-ABE7-0EB6479B4720}.Release|Any CPU.Build.0 = Release|Any CPU
		{9A233FB9-2AC7-4CAF-8563-E7312E842477}.Debug|Any CPU.ActiveCfg = Debug|Any CPU
		{9A233FB9-2AC7-4CAF-8563-E7312E842477}.Debug|Any CPU.Build.0 = Debug|Any CPU
		{9A233FB9-2AC7-4CAF-8563-E7312E842477}.Release|Any CPU.ActiveCfg = Release|Any CPU
		{9A233FB9-2AC7-4CAF-8563-E7312E842477}.Release|Any CPU.Build.0 = Release|Any CPU
		{867A83D3-941A-452F-80F7-05546DCA0450}.Debug|Any CPU.ActiveCfg = Debug|Any CPU
		{867A83D3-941A-452F-80F7-05546DCA0450}.Debug|Any CPU.Build.0 = Debug|Any CPU
		{867A83D3-941A-452F-80F7-05546DCA0450}.Release|Any CPU.ActiveCfg = Release|Any CPU
		{867A83D3-941A-452F-80F7-05546DCA0450}.Release|Any CPU.Build.0 = Release|Any CPU
		{B3DED91A-8AFB-492E-98F7-4D46D4618549}.Debug|Any CPU.ActiveCfg = Debug|Any CPU
		{B3DED91A-8AFB-492E-98F7-4D46D4618549}.Debug|Any CPU.Build.0 = Debug|Any CPU
		{B3DED91A-8AFB-492E-98F7-4D46D4618549}.Release|Any CPU.ActiveCfg = Release|Any CPU
		{B3DED91A-8AFB-492E-98F7-4D46D4618549}.Release|Any CPU.Build.0 = Release|Any CPU
		{F6F99651-07E6-463D-A538-3738AE28B8F1}.Debug|Any CPU.ActiveCfg = Debug|Any CPU
		{F6F99651-07E6-463D-A538-3738AE28B8F1}.Debug|Any CPU.Build.0 = Debug|Any CPU
		{F6F99651-07E6-463D-A538-3738AE28B8F1}.Release|Any CPU.ActiveCfg = Release|Any CPU
		{F6F99651-07E6-463D-A538-3738AE28B8F1}.Release|Any CPU.Build.0 = Release|Any CPU
		{D77F6386-FCD2-4B77-A6E1-0AF1C8B1638C}.Debug|Any CPU.ActiveCfg = Debug|Any CPU
		{D77F6386-FCD2-4B77-A6E1-0AF1C8B1638C}.Debug|Any CPU.Build.0 = Debug|Any CPU
		{D77F6386-FCD2-4B77-A6E1-0AF1C8B1638C}.Release|Any CPU.ActiveCfg = Release|Any CPU
		{D77F6386-FCD2-4B77-A6E1-0AF1C8B1638C}.Release|Any CPU.Build.0 = Release|Any CPU
		{6932CB94-8DEB-4B99-8BE8-25AFC17EEA8C}.Debug|Any CPU.ActiveCfg = Debug|Any CPU
		{6932CB94-8DEB-4B99-8BE8-25AFC17EEA8C}.Debug|Any CPU.Build.0 = Debug|Any CPU
		{6932CB94-8DEB-4B99-8BE8-25AFC17EEA8C}.Release|Any CPU.ActiveCfg = Release|Any CPU
		{6932CB94-8DEB-4B99-8BE8-25AFC17EEA8C}.Release|Any CPU.Build.0 = Release|Any CPU
		{2EDFBF3F-FFBD-413E-BC03-0B475BC812B9}.Debug|Any CPU.ActiveCfg = Debug|Any CPU
		{2EDFBF3F-FFBD-413E-BC03-0B475BC812B9}.Debug|Any CPU.Build.0 = Debug|Any CPU
		{2EDFBF3F-FFBD-413E-BC03-0B475BC812B9}.Release|Any CPU.ActiveCfg = Release|Any CPU
		{2EDFBF3F-FFBD-413E-BC03-0B475BC812B9}.Release|Any CPU.Build.0 = Release|Any CPU
	EndGlobalSection
	GlobalSection(SolutionProperties) = preSolution
		HideSolutionNode = FALSE
	EndGlobalSection
	GlobalSection(NestedProjects) = preSolution
		{9A233FB9-2AC7-4CAF-8563-E7312E842477} = {C1D55339-9B7A-4550-9A8F-EFF4AC747998}
		{867A83D3-941A-452F-80F7-05546DCA0450} = {C1D55339-9B7A-4550-9A8F-EFF4AC747998}
		{B3DED91A-8AFB-492E-98F7-4D46D4618549} = {C1D55339-9B7A-4550-9A8F-EFF4AC747998}
		{F6F99651-07E6-463D-A538-3738AE28B8F1} = {C1D55339-9B7A-4550-9A8F-EFF4AC747998}
		{D77F6386-FCD2-4B77-A6E1-0AF1C8B1638C} = {C1D55339-9B7A-4550-9A8F-EFF4AC747998}
		{6932CB94-8DEB-4B99-8BE8-25AFC17EEA8C} = {C1D55339-9B7A-4550-9A8F-EFF4AC747998}
		{C1D55339-9B7A-4550-9A8F-EFF4AC747998} = {FFFC3042-8047-4107-9C28-C251B98D9230}
		{50A30AC9-AB37-4984-9A7F-9E99D603E115} = {FFFC3042-8047-4107-9C28-C251B98D9230}
		{2EDFBF3F-FFBD-413E-BC03-0B475BC812B9} = {50A30AC9-AB37-4984-9A7F-9E99D603E115}
	EndGlobalSection
	GlobalSection(ExtensibilityGlobals) = postSolution
		SolutionGuid = {11971CED-B13F-452A-8722-5EA35B247CDA}
	EndGlobalSection
EndGlobal
